
Microsoft Visual Studio Solution File, Format Version 12.00
# Visual Studio 2013
VisualStudioVersion = 12.0.21005.1
MinimumVisualStudioVersion = 10.0.40219.1
Project("{E24C65DC-7377-472B-9ABA-BC803B73C61A}") = "Dezvoltare aplicatii web Flickr", "http://localhost:50638", "{C90C282D-6E82-4CD1-823E-F2AAE777AF7D}"
	ProjectSection(WebsiteProperties) = preProject
		UseIISExpress = "true"
		TargetFrameworkMoniker = ".NETFramework,Version%3Dv4.5"
		Debug.AspNetCompiler.VirtualPath = "/localhost_50638"
		Debug.AspNetCompiler.PhysicalPath = "..\..\..\..\..\Desktop\Dezvoltare aplicatii web Flickr\"
		Debug.AspNetCompiler.TargetPath = "PrecompiledWeb\localhost_50638\"
		Debug.AspNetCompiler.Updateable = "true"
		Debug.AspNetCompiler.ForceOverwrite = "true"
		Debug.AspNetCompiler.FixedNames = "false"
		Debug.AspNetCompiler.Debug = "True"
		Release.AspNetCompiler.VirtualPath = "/localhost_50638"
		Release.AspNetCompiler.PhysicalPath = "..\..\..\..\..\Desktop\Dezvoltare aplicatii web Flickr\"
		Release.AspNetCompiler.TargetPath = "PrecompiledWeb\localhost_50638\"
		Release.AspNetCompiler.Updateable = "true"
		Release.AspNetCompiler.ForceOverwrite = "true"
		Release.AspNetCompiler.FixedNames = "false"
		Release.AspNetCompiler.Debug = "False"
		SlnRelativePath = "..\..\..\..\..\Desktop\Dezvoltare aplicatii web Flickr\"
	EndProjectSection
EndProject
Global
	GlobalSection(SolutionConfigurationPlatforms) = preSolution
		Debug|Any CPU = Debug|Any CPU
	EndGlobalSection
	GlobalSection(ProjectConfigurationPlatforms) = postSolution
		{C90C282D-6E82-4CD1-823E-F2AAE777AF7D}.Debug|Any CPU.ActiveCfg = Debug|Any CPU
		{C90C282D-6E82-4CD1-823E-F2AAE777AF7D}.Debug|Any CPU.Build.0 = Debug|Any CPU
	EndGlobalSection
	GlobalSection(SolutionProperties) = preSolution
		HideSolutionNode = FALSE
	EndGlobalSection
EndGlobal
